// !$*UTF8*$!
{
	archiveVersion = 1;
	classes = {
	};
	objectVersion = 46;
	objects = {

/* Begin PBXBuildFile section */
		04226C091DD175430060A531 /* main.m in Sources */ = {isa = PBXBuildFile; fileRef = 04226C081DD175430060A531 /* main.m */; };
		04226C0C1DD175430060A531 /* AppDelegate.m in Sources */ = {isa = PBXBuildFile; fileRef = 04226C0B1DD175430060A531 /* AppDelegate.m */; };
		04226C141DD175430060A531 /* Assets.xcassets in Resources */ = {isa = PBXBuildFile; fileRef = 04226C131DD175430060A531 /* Assets.xcassets */; };
		04226C171DD175430060A531 /* LaunchScreen.storyboard in Resources */ = {isa = PBXBuildFile; fileRef = 04226C151DD175430060A531 /* LaunchScreen.storyboard */; };
		04226C251DD176730060A531 /* Home.storyboard in Resources */ = {isa = PBXBuildFile; fileRef = 04226C241DD176730060A531 /* Home.storyboard */; };
		04226C2A1DD176C30060A531 /* YFHomeViewController.m in Sources */ = {isa = PBXBuildFile; fileRef = 04226C291DD176C30060A531 /* YFHomeViewController.m */; };
		04226C2C1DD176DE0060A531 /* Message.storyboard in Resources */ = {isa = PBXBuildFile; fileRef = 04226C2B1DD176DE0060A531 /* Message.storyboard */; };
		04226C2F1DD176EE0060A531 /* YFMessageViewController.m in Sources */ = {isa = PBXBuildFile; fileRef = 04226C2E1DD176EE0060A531 /* YFMessageViewController.m */; };
		04226C321DD177020060A531 /* YFMeRootViewController.m in Sources */ = {isa = PBXBuildFile; fileRef = 04226C311DD177020060A531 /* YFMeRootViewController.m */; };
		04226C341DD1775F0060A531 /* Me.storyboard in Resources */ = {isa = PBXBuildFile; fileRef = 04226C331DD1775F0060A531 /* Me.storyboard */; };
		04226C381DD17E940060A531 /* YXMainTabBarController.m in Sources */ = {isa = PBXBuildFile; fileRef = 04226C371DD17E940060A531 /* YXMainTabBarController.m */; };
		04226C3A1DD17EA40060A531 /* Main.storyboard in Resources */ = {isa = PBXBuildFile; fileRef = 04226C391DD17EA40060A531 /* Main.storyboard */; };
		04226C3F1DD1A2AD0060A531 /* YFLoginViewController.m in Sources */ = {isa = PBXBuildFile; fileRef = 04226C3D1DD1A2AD0060A531 /* YFLoginViewController.m */; };
		04226C401DD1A2AD0060A531 /* YFLoginViewController.xib in Resources */ = {isa = PBXBuildFile; fileRef = 04226C3E1DD1A2AD0060A531 /* YFLoginViewController.xib */; };
/* End PBXBuildFile section */

/* Begin PBXFileReference section */
		04226C041DD175430060A531 /* YFTabBarControllerDelegateDemo.app */ = {isa = PBXFileReference; explicitFileType = wrapper.application; includeInIndex = 0; path = YFTabBarControllerDelegateDemo.app; sourceTree = BUILT_PRODUCTS_DIR; };
		04226C081DD175430060A531 /* main.m */ = {isa = PBXFileReference; lastKnownFileType = sourcecode.c.objc; path = main.m; sourceTree = "<group>"; };
		04226C0A1DD175430060A531 /* AppDelegate.h */ = {isa = PBXFileReference; lastKnownFileType = sourcecode.c.h; path = AppDelegate.h; sourceTree = "<group>"; };
		04226C0B1DD175430060A531 /* AppDelegate.m */ = {isa = PBXFileReference; lastKnownFileType = sourcecode.c.objc; path = AppDelegate.m; sourceTree = "<group>"; };
		04226C131DD175430060A531 /* Assets.xcassets */ = {isa = PBXFileReference; lastKnownFileType = folder.assetcatalog; path = Assets.xcassets; sourceTree = "<group>"; };
		04226C161DD175430060A531 /* Base */ = {isa = PBXFileReference; lastKnownFileType = file.storyboard; name = Base; path = Base.lproj/LaunchScreen.storyboard; sourceTree = "<group>"; };
		04226C181DD175430060A531 /* Info.plist */ = {isa = PBXFileReference; lastKnownFileType = text.plist.xml; path = Info.plist; sourceTree = "<group>"; };
		04226C241DD176730060A531 /* Home.storyboard */ = {isa = PBXFileReference; fileEncoding = 4; lastKnownFileType = file.storyboard; path = Home.storyboard; sourceTree = "<group>"; };
		04226C281DD176C30060A531 /* YFHomeViewController.h */ = {isa = PBXFileReference; fileEncoding = 4; lastKnownFileType = sourcecode.c.h; path = YFHomeViewController.h; sourceTree = "<group>"; };
		04226C291DD176C30060A531 /* YFHomeViewController.m */ = {isa = PBXFileReference; fileEncoding = 4; lastKnownFileType = sourcecode.c.objc; path = YFHomeViewController.m; sourceTree = "<group>"; };
		04226C2B1DD176DE0060A531 /* Message.storyboard */ = {isa = PBXFileReference; fileEncoding = 4; lastKnownFileType = file.storyboard; path = Message.storyboard; sourceTree = "<group>"; };
		04226C2D1DD176EE0060A531 /* YFMessageViewController.h */ = {isa = PBXFileReference; fileEncoding = 4; lastKnownFileType = sourcecode.c.h; path = YFMessageViewController.h; sourceTree = "<group>"; };
		04226C2E1DD176EE0060A531 /* YFMessageViewController.m */ = {isa = PBXFileReference; fileEncoding = 4; lastKnownFileType = sourcecode.c.objc; path = YFMessageViewController.m; sourceTree = "<group>"; };
		04226C301DD177020060A531 /* YFMeRootViewController.h */ = {isa = PBXFileReference; fileEncoding = 4; lastKnownFileType = sourcecode.c.h; path = YFMeRootViewController.h; sourceTree = "<group>"; };
		04226C311DD177020060A531 /* YFMeRootViewController.m */ = {isa = PBXFileReference; fileEncoding = 4; lastKnownFileType = sourcecode.c.objc; path = YFMeRootViewController.m; sourceTree = "<group>"; };
		04226C331DD1775F0060A531 /* Me.storyboard */ = {isa = PBXFileReference; fileEncoding = 4; lastKnownFileType = file.storyboard; path = Me.storyboard; sourceTree = "<group>"; };
		04226C361DD17E940060A531 /* YXMainTabBarController.h */ = {isa = PBXFileReference; fileEncoding = 4; lastKnownFileType = sourcecode.c.h; path = YXMainTabBarController.h; sourceTree = "<group>"; };
		04226C371DD17E940060A531 /* YXMainTabBarController.m */ = {isa = PBXFileReference; fileEncoding = 4; lastKnownFileType = sourcecode.c.objc; path = YXMainTabBarController.m; sourceTree = "<group>"; };
		04226C391DD17EA40060A531 /* Main.storyboard */ = {isa = PBXFileReference; fileEncoding = 4; lastKnownFileType = file.storyboard; path = Main.storyboard; sourceTree = "<group>"; };
		04226C3C1DD1A2AD0060A531 /* YFLoginViewController.h */ = {isa = PBXFileReference; fileEncoding = 4; lastKnownFileType = sourcecode.c.h; path = YFLoginViewController.h; sourceTree = "<group>"; };
		04226C3D1DD1A2AD0060A531 /* YFLoginViewController.m */ = {isa = PBXFileReference; fileEncoding = 4; lastKnownFileType = sourcecode.c.objc; path = YFLoginViewController.m; sourceTree = "<group>"; };
		04226C3E1DD1A2AD0060A531 /* YFLoginViewController.xib */ = {isa = PBXFileReference; fileEncoding = 4; lastKnownFileType = file.xib; path = YFLoginViewController.xib; sourceTree = "<group>"; };
/* End PBXFileReference section */

/* Begin PBXFrameworksBuildPhase section */
		04226C011DD175430060A531 /* Frameworks */ = {
			isa = PBXFrameworksBuildPhase;
			buildActionMask = 2147483647;
			files = (
			);
			runOnlyForDeploymentPostprocessing = 0;
		};
/* End PBXFrameworksBuildPhase section */

/* Begin PBXGroup section */
		04226BFB1DD175430060A531 = {
			isa = PBXGroup;
			children = (
				04226C061DD175430060A531 /* YFTabBarControllerDelegateDemo */,
				04226C051DD175430060A531 /* Products */,
			);
			sourceTree = "<group>";
		};
		04226C051DD175430060A531 /* Products */ = {
			isa = PBXGroup;
			children = (
				04226C041DD175430060A531 /* YFTabBarControllerDelegateDemo.app */,
			);
			name = Products;
			sourceTree = "<group>";
		};
		04226C061DD175430060A531 /* YFTabBarControllerDelegateDemo */ = {
			isa = PBXGroup;
			children = (
				04226C351DD17E940060A531 /* Main */,
				04226C231DD176730060A531 /* Home */,
				04226C271DD176A70060A531 /* Message */,
				04226C261DD176A70060A531 /* Me */,
				04226C3B1DD1A2950060A531 /* Login */,
				04226C0A1DD175430060A531 /* AppDelegate.h */,
				04226C0B1DD175430060A531 /* AppDelegate.m */,
				04226C131DD175430060A531 /* Assets.xcassets */,
				04226C151DD175430060A531 /* LaunchScreen.storyboard */,
				04226C181DD175430060A531 /* Info.plist */,
				04226C071DD175430060A531 /* Supporting Files */,
			);
			path = YFTabBarControllerDelegateDemo;
			sourceTree = "<group>";
		};
		04226C071DD175430060A531 /* Supporting Files */ = {
			isa = PBXGroup;
			children = (
				04226C081DD175430060A531 /* main.m */,
			);
			name = "Supporting Files";
			sourceTree = "<group>";
		};
		04226C231DD176730060A531 /* Home */ = {
			isa = PBXGroup;
			children = (
				04226C241DD176730060A531 /* Home.storyboard */,
				04226C281DD176C30060A531 /* YFHomeViewController.h */,
				04226C291DD176C30060A531 /* YFHomeViewController.m */,
			);
			path = Home;
			sourceTree = "<group>";
		};
		04226C261DD176A70060A531 /* Me */ = {
			isa = PBXGroup;
			children = (
				04226C301DD177020060A531 /* YFMeRootViewController.h */,
				04226C311DD177020060A531 /* YFMeRootViewController.m */,
				04226C331DD1775F0060A531 /* Me.storyboard */,
			);
			path = Me;
			sourceTree = "<group>";
		};
		04226C271DD176A70060A531 /* Message */ = {
			isa = PBXGroup;
			children = (
				04226C2B1DD176DE0060A531 /* Message.storyboard */,
				04226C2D1DD176EE0060A531 /* YFMessageViewController.h */,
				04226C2E1DD176EE0060A531 /* YFMessageViewController.m */,
			);
			path = Message;
			sourceTree = "<group>";
		};
		04226C351DD17E940060A531 /* Main */ = {
			isa = PBXGroup;
			children = (
				04226C361DD17E940060A531 /* YXMainTabBarController.h */,
				04226C371DD17E940060A531 /* YXMainTabBarController.m */,
				04226C391DD17EA40060A531 /* Main.storyboard */,
			);
			path = Main;
			sourceTree = "<group>";
		};
		04226C3B1DD1A2950060A531 /* Login */ = {
			isa = PBXGroup;
			children = (
				04226C3C1DD1A2AD0060A531 /* YFLoginViewController.h */,
				04226C3D1DD1A2AD0060A531 /* YFLoginViewController.m */,
				04226C3E1DD1A2AD0060A531 /* YFLoginViewController.xib */,
			);
			path = Login;
			sourceTree = "<group>";
		};
/* End PBXGroup section */

/* Begin PBXNativeTarget section */
		04226C031DD175430060A531 /* YFTabBarControllerDelegateDemo */ = {
			isa = PBXNativeTarget;
			buildConfigurationList = 04226C1B1DD175430060A531 /* Build configuration list for PBXNativeTarget "YFTabBarControllerDelegateDemo" */;
			buildPhases = (
				04226C001DD175430060A531 /* Sources */,
				04226C011DD175430060A531 /* Frameworks */,
				04226C021DD175430060A531 /* Resources */,
			);
			buildRules = (
			);
			dependencies = (
			);
			name = YFTabBarControllerDelegateDemo;
			productName = YFTabBarControllerDelegateDemo;
			productReference = 04226C041DD175430060A531 /* YFTabBarControllerDelegateDemo.app */;
			productType = "com.apple.product-type.application";
		};
/* End PBXNativeTarget section */

/* Begin PBXProject section */
		04226BFC1DD175430060A531 /* Project object */ = {
			isa = PBXProject;
			attributes = {
				LastUpgradeCheck = 0800;
				ORGANIZATIONNAME = Fanny;
				TargetAttributes = {
					04226C031DD175430060A531 = {
						CreatedOnToolsVersion = 8.0;
						DevelopmentTeam = 848UTW6539;
						ProvisioningStyle = Automatic;
					};
				};
			};
			buildConfigurationList = 04226BFF1DD175430060A531 /* Build configuration list for PBXProject "YFTabBarControllerDelegateDemo" */;
			compatibilityVersion = "Xcode 3.2";
			developmentRegion = English;
			hasScannedForEncodings = 0;
			knownRegions = (
				en,
				Base,
			);
			mainGroup = 04226BFB1DD175430060A531;
			productRefGroup = 04226C051DD175430060A531 /* Products */;
			projectDirPath = "";
			projectRoot = "";
			targets = (
				04226C031DD175430060A531 /* YFTabBarControllerDelegateDemo */,
			);
		};
/* End PBXProject section */

/* Begin PBXResourcesBuildPhase section */
		04226C021DD175430060A531 /* Resources */ = {
			isa = PBXResourcesBuildPhase;
			buildActionMask = 2147483647;
			files = (
				04226C171DD175430060A531 /* LaunchScreen.storyboard in Resources */,
				04226C141DD175430060A531 /* Assets.xcassets in Resources */,
				04226C341DD1775F0060A531 /* Me.storyboard in Resources */,
				04226C401DD1A2AD0060A531 /* YFLoginViewController.xib in Resources */,
				04226C3A1DD17EA40060A531 /* Main.storyboard in Resources */,
				04226C2C1DD176DE0060A531 /* Message.storyboard in Resources */,
				04226C251DD176730060A531 /* Home.storyboard in Resources */,
			);
			runOnlyForDeploymentPostprocessing = 0;
		};
/* End PBXResourcesBuildPhase section */

/* Begin PBXSourcesBuildPhase section */
		04226C001DD175430060A531 /* Sources */ = {
			isa = PBXSourcesBuildPhase;
			buildActionMask = 2147483647;
			files = (
				04226C3F1DD1A2AD0060A531 /* YFLoginViewController.m in Sources */,
				04226C2F1DD176EE0060A531 /* YFMessageViewController.m in Sources */,
				04226C2A1DD176C30060A531 /* YFHomeViewController.m in Sources */,
				04226C321DD177020060A531 /* YFMeRootViewController.m in Sources */,
				04226C0C1DD175430060A531 /* AppDelegate.m in Sources */,
				04226C381DD17E940060A531 /* YXMainTabBarController.m in Sources */,
				04226C091DD175430060A531 /* main.m in Sources */,
			);
			runOnlyForDeploymentPostprocessing = 0;
		};
/* End PBXSourcesBuildPhase section */

/* Begin PBXVariantGroup section */
		04226C151DD175430060A531 /* LaunchScreen.storyboard */ = {
			isa = PBXVariantGroup;
			children = (
				04226C161DD175430060A531 /* Base */,
			);
			name = LaunchScreen.storyboard;
			sourceTree = "<group>";
		};
/* End PBXVariantGroup section */

/* Begin XCBuildConfiguration section */
		04226C191DD175430060A531 /* Debug */ = {
			isa = XCBuildConfiguration;
			buildSettings = {
				ALWAYS_SEARCH_USER_PATHS = NO;
				CLANG_ANALYZER_NONNULL = YES;
				CLANG_CXX_LANGUAGE_STANDARD = "gnu++0x";
				CLANG_CXX_LIBRARY = "libc++";
				CLANG_ENABLE_MODULES = YES;
				CLANG_ENABLE_OBJC_ARC = YES;
				CLANG_WARN_BOOL_CONVERSION = YES;
				CLANG_WARN_CONSTANT_CONVERSION = YES;
				CLANG_WARN_DIRECT_OBJC_ISA_USAGE = YES_ERROR;
				CLANG_WARN_DOCUMENTATION_COMMENTS = YES;
				CLANG_WARN_EMPTY_BODY = YES;
				CLANG_WARN_ENUM_CONVERSION = YES;
				CLANG_WARN_INFINITE_RECURSION = YES;
				CLANG_WARN_INT_CONVERSION = YES;
				CLANG_WARN_OBJC_ROOT_CLASS = YES_ERROR;
				CLANG_WARN_SUSPICIOUS_MOVES = YES;
				CLANG_WARN_UNREACHABLE_CODE = YES;
				CLANG_WARN__DUPLICATE_METHOD_MATCH = YES;
				"CODE_SIGN_IDENTITY[sdk=iphoneos*]" = "iPhone Developer";
				COPY_PHASE_STRIP = NO;
				DEBUG_INFORMATION_FORMAT = dwarf;
				ENABLE_STRICT_OBJC_MSGSEND = YES;
				ENABLE_TESTABILITY = YES;
				GCC_C_LANGUAGE_STANDARD = gnu99;
				GCC_DYNAMIC_NO_PIC = NO;
				GCC_NO_COMMON_BLOCKS = YES;
				GCC_OPTIMIZATION_LEVEL = 0;
				GCC_PREPROCESSOR_DEFINITIONS = (
					"DEBUG=1",
					"$(inherited)",
				);
				GCC_WARN_64_TO_32_BIT_CONVERSION = YES;
				GCC_WARN_ABOUT_RETURN_TYPE = YES_ERROR;
				GCC_WARN_UNDECLARED_SELECTOR = YES;
				GCC_WARN_UNINITIALIZED_AUTOS = YES_AGGRESSIVE;
				GCC_WARN_UNUSED_FUNCTION = YES;
				GCC_WARN_UNUSED_VARIABLE = YES;
				IPHONEOS_DEPLOYMENT_TARGET = 10.0;
				MTL_ENABLE_DEBUG_INFO = YES;
				ONLY_ACTIVE_ARCH = YES;
				SDKROOT = iphoneos;
			};
			name = Debug;
		};
		04226C1A1DD175430060A531 /* Release */ = {
			isa = XCBuildConfiguration;
			buildSettings = {
				ALWAYS_SEARCH_USER_PATHS = NO;
				CLANG_ANALYZER_NONNULL = YES;
				CLANG_CXX_LANGUAGE_STANDARD = "gnu++0x";
				CLANG_CXX_LIBRARY = "libc++";
				CLANG_ENABLE_MODULES = YES;
				CLANG_ENABLE_OBJC_ARC = YES;
				CLANG_WARN_BOOL_CONVERSION = YES;
				CLANG_WARN_CONSTANT_CONVERSION = YES;
				CLANG_WARN_DIRECT_OBJC_ISA_USAGE = YES_ERROR;
				CLANG_WARN_DOCUMENTATION_COMMENTS = YES;
				CLANG_WARN_EMPTY_BODY = YES;
				CLANG_WARN_ENUM_CONVERSION = YES;
				CLANG_WARN_INFINITE_RECURSION = YES;
				CLANG_WARN_INT_CONVERSION = YES;
				CLANG_WARN_OBJC_ROOT_CLASS = YES_ERROR;
				CLANG_WARN_SUSPICIOUS_MOVES = YES;
				CLANG_WARN_UNREACHABLE_CODE = YES;
				CLANG_WARN__DUPLICATE_METHOD_MATCH = YES;
				"CODE_SIGN_IDENTITY[sdk=iphoneos*]" = "iPhone Developer";
				COPY_PHASE_STRIP = NO;
				DEBUG_INFORMATION_FORMAT = "dwarf-with-dsym";
				ENABLE_NS_ASSERTIONS = NO;
				ENABLE_STRICT_OBJC_MSGSEND = YES;
				GCC_C_LANGUAGE_STANDARD = gnu99;
				GCC_NO_COMMON_BLOCKS = YES;
				GCC_WARN_64_TO_32_BIT_CONVERSION = YES;
				GCC_WARN_ABOUT_RETURN_TYPE = YES_ERROR;
				GCC_WARN_UNDECLARED_SELECTOR = YES;
				GCC_WARN_UNINITIALIZED_AUTOS = YES_AGGRESSIVE;
				GCC_WARN_UNUSED_FUNCTION = YES;
				GCC_WARN_UNUSED_VARIABLE = YES;
				IPHONEOS_DEPLOYMENT_TARGET = 10.0;
				MTL_ENABLE_DEBUG_INFO = NO;
				SDKROOT = iphoneos;
				VALIDATE_PRODUCT = YES;
			};
			name = Release;
		};
		04226C1C1DD175430060A531 /* Debug */ = {
			isa = XCBuildConfiguration;
			buildSettings = {
				ASSETCATALOG_COMPILER_APPICON_NAME = AppIcon;
				DEVELOPMENT_TEAM = 848UTW6539;
				INFOPLIST_FILE = YFTabBarControllerDelegateDemo/Info.plist;
				IPHONEOS_DEPLOYMENT_TARGET = 9.0;
				LD_RUNPATH_SEARCH_PATHS = "$(inherited) @executable_path/Frameworks";
				PRODUCT_BUNDLE_IDENTIFIER = com.fanny.YFTabBarControllerDelegateDemo;
				PRODUCT_NAME = "$(TARGET_NAME)";
			};
			name = Debug;
		};
		04226C1D1DD175430060A531 /* Release */ = {
			isa = XCBuildConfiguration;
			buildSettings = {
				ASSETCATALOG_COMPILER_APPICON_NAME = AppIcon;
				DEVELOPMENT_TEAM = 848UTW6539;
				INFOPLIST_FILE = YFTabBarControllerDelegateDemo/Info.plist;
				IPHONEOS_DEPLOYMENT_TARGET = 9.0;
				LD_RUNPATH_SEARCH_PATHS = "$(inherited) @executable_path/Frameworks";
				PRODUCT_BUNDLE_IDENTIFIER = com.fanny.YFTabBarControllerDelegateDemo;
				PRODUCT_NAME = "$(TARGET_NAME)";
			};
			name = Release;
		};
/* End XCBuildConfiguration section */

/* Begin XCConfigurationList section */
		04226BFF1DD175430060A531 /* Build configuration list for PBXProject "YFTabBarControllerDelegateDemo" */ = {
			isa = XCConfigurationList;
			buildConfigurations = (
				04226C191DD175430060A531 /* Debug */,
				04226C1A1DD175430060A531 /* Release */,
			);
			defaultConfigurationIsVisible = 0;
			defaultConfigurationName = Release;
		};
		04226C1B1DD175430060A531 /* Build configuration list for PBXNativeTarget "YFTabBarControllerDelegateDemo" */ = {
			isa = XCConfigurationList;
			buildConfigurations = (
				04226C1C1DD175430060A531 /* Debug */,
				04226C1D1DD175430060A531 /* Release */,
			);
			defaultConfigurationIsVisible = 0;
			defaultConfigurationName = Release;
		};
/* End XCConfigurationList section */
	};
	rootObject = 04226BFC1DD175430060A531 /* Project object */;
}
